uuid: 2d2c31db-407c-48e9-bd27-f955c4697f22
langcode: en
status: true
dependencies:
  module:
    - system
active_version: 01f57d0ae2dbda8f
versioned_properties:
  active:
    settings:
      default_settings:
        id: system_breadcrumb_block
        label: Breadcrumbs
        label_display: '0'
        provider: system
    fallback_metadata:
      slot_definitions: null
label: Breadcrumbs
id: block.system_breadcrumb_block
provider: system
source: block
source_local_id: system_breadcrumb_block
