uuid: 215dcfce-b441-4d55-909f-7f167794eadf
langcode: en
status: false
dependencies:
  module:
    - help
active_version: 2165fa6a5b572ec9
versioned_properties:
  active:
    settings:
      default_settings:
        id: help_block
        label: Help
        label_display: '0'
        provider: help
    fallback_metadata:
      slot_definitions: null
label: Help
id: block.help_block
provider: help
source: block
source_local_id: help_block
