uuid: 5a49ddc1-b1f9-4f61-9d77-07fe7ed0859f
langcode: en
status: true
dependencies:
  module:
    - webform
active_version: 5ff96c62d07c4fe1
versioned_properties:
  active:
    settings:
      default_settings:
        id: webform_block
        label: Webform
        label_display: '0'
        provider: webform
        webform_id: ''
        default_data: ''
        redirect: false
        lazy: false
    fallback_metadata:
      slot_definitions: null
label: Webform
id: block.webform_block
provider: webform
source: block
source_local_id: webform_block
