uuid: b032fa20-0ee7-4a25-afc5-730865e01f76
langcode: en
status: false
dependencies: {  }
active_version: efc8fd92665da4e4
versioned_properties:
  active:
    settings:
      default_settings:
        id: local_actions_block
        label: 'Primary admin actions'
        label_display: '0'
        provider: core
    fallback_metadata:
      slot_definitions: null
label: 'Primary admin actions'
id: block.local_actions_block
provider: core
source: block
source_local_id: local_actions_block
