uuid: 6a98b2d8-017e-4a8d-8343-20f066b1d113
langcode: en
status: false
dependencies: {  }
active_version: b481f5cc43e872da
versioned_properties:
  active:
    settings:
      default_settings:
        id: local_tasks_block
        label: Tabs
        label_display: '0'
        provider: core
        primary: true
        secondary: true
    fallback_metadata:
      slot_definitions: null
label: Tabs
id: block.local_tasks_block
provider: core
source: block
source_local_id: local_tasks_block
