uuid: d2905afe-e094-4db1-b559-4aed9432c334
langcode: en
status: true
dependencies:
  enforced:
    module:
      - canvas
_core:
  default_config_hash: xm9kkafQ4sECItPrag1uY1efaOowx0RctdMAN-8myNI
name: 'Drupal Canvas — Block HTML (locked)'
format: canvas_html_block
weight: 1000
filters:
  filter_html:
    id: filter_html
    provider: filter
    status: true
    weight: 0
    settings:
      allowed_html: '<strong> <em> <u> <a href> <p> <br> <ul> <ol> <li>'
      filter_html_help: false
      filter_html_nofollow: false
